
Microsoft Visual Studio Solution File, Format Version 12.00
# Visual Studio Version 16
VisualStudioVersion = 16.0.29009.5
MinimumVisualStudioVersion = 10.0.40219.1
Project("{FAE04EC0-301F-11D3-BF4B-00C04F79EFBC}") = "BDDTraining", "BDDTraining.csproj", "{B5CBD5C0-4458-4306-85A3-92190FA7F865}"
EndProject
Project("{FAE04EC0-301F-11D3-BF4B-00C04F79EFBC}") = "BDDTraining.Specs", "..\BDDTraining.Specs\BDDTraining.Specs.csproj", "{8E25A571-B466-4C3A-86C1-CAD87FFE00EC}"
EndProject
Global
	GlobalSection(SolutionConfigurationPlatforms) = preSolution
		Debug|Any CPU = Debug|Any CPU
		Release|Any CPU = Release|Any CPU
	EndGlobalSection
	GlobalSection(ProjectConfigurationPlatforms) = postSolution
		{B5CBD5C0-4458-4306-85A3-92190FA7F865}.Debug|Any CPU.ActiveCfg = Debug|Any CPU
		{B5CBD5C0-4458-4306-85A3-92190FA7F865}.Debug|Any CPU.Build.0 = Debug|Any CPU
		{B5CBD5C0-4458-4306-85A3-92190FA7F865}.Release|Any CPU.ActiveCfg = Release|Any CPU
		{B5CBD5C0-4458-4306-85A3-92190FA7F865}.Release|Any CPU.Build.0 = Release|Any CPU
		{8E25A571-B466-4C3A-86C1-CAD87FFE00EC}.Debug|Any CPU.ActiveCfg = Debug|Any CPU
		{8E25A571-B466-4C3A-86C1-CAD87FFE00EC}.Debug|Any CPU.Build.0 = Debug|Any CPU
		{8E25A571-B466-4C3A-86C1-CAD87FFE00EC}.Release|Any CPU.ActiveCfg = Release|Any CPU
		{8E25A571-B466-4C3A-86C1-CAD87FFE00EC}.Release|Any CPU.Build.0 = Release|Any CPU
	EndGlobalSection
	GlobalSection(SolutionProperties) = preSolution
		HideSolutionNode = FALSE
	EndGlobalSection
	GlobalSection(ExtensibilityGlobals) = postSolution
		SolutionGuid = {B1AF2FCC-37B1-41ED-8806-E0307E2FC82A}
	EndGlobalSection
EndGlobal
